
Microsoft Visual Studio Solution File, Format Version 12.00
# Visual Studio 15
VisualStudioVersion = 15.0.27428.2015
MinimumVisualStudioVersion = 10.0.40219.1
Project("{FAE04EC0-301F-11D3-BF4B-00C04F79EFBC}") = "NUS.TheAmazingRace.Web", "NUS.TheAmazingRace.Web\NUS.TheAmazingRace.Web.csproj", "{D67C29ED-E1CF-4516-BF0D-6ADC4EB121B0}"
EndProject
Project("{FAE04EC0-301F-11D3-BF4B-00C04F79EFBC}") = "NUS.TheAmazingRace.Web.Tests", "NUS.TheAmazingRace.Web.Tests\NUS.TheAmazingRace.Web.Tests.csproj", "{4713E5D5-BA15-4F84-AB43-774F56262010}"
EndProject
Project("{FAE04EC0-301F-11D3-BF4B-00C04F79EFBC}") = "NUS.TheAmagingRace.DAL", "NUS.TheAmagingRace.DAL\NUS.TheAmagingRace.DAL.csproj", "{C43A39E7-ED81-4B1D-BFAC-FA88034320AE}"
EndProject
Project("{FAE04EC0-301F-11D3-BF4B-00C04F79EFBC}") = "NUS.TheAmagingRace.Utilities", "NUS.TheAmagingRace.Utilities\NUS.TheAmagingRace.Utilities.csproj", "{41196389-AE22-4B71-9F62-4B0A09A36081}"
EndProject
Project("{FAE04EC0-301F-11D3-BF4B-00C04F79EFBC}") = "NUS.TheAmagingRace.BAL", "NUS.TheAmagingRace.BAL\NUS.TheAmagingRace.BAL.csproj", "{6C865275-9D3A-4111-BA79-426B6C8818B3}"
EndProject
Project("{FAE04EC0-301F-11D3-BF4B-00C04F79EFBC}") = "NUS.TheAmagingRace.BusinessModels", "BusinessModels\NUS.TheAmagingRace.BusinessModels.csproj", "{87A90200-50DC-4BF3-984B-D8BBF09B64D2}"
EndProject
Project("{9A19103F-16F7-4668-BE54-9A1E7A4F7556}") = "WebAPITAR", "WebAPITAR\WebAPITAR\WebAPITAR.csproj", "{7D51FE58-14A0-4CFD-830A-05E53CF6D00B}"
EndProject
Global
	GlobalSection(SolutionConfigurationPlatforms) = preSolution
		Debug|Any CPU = Debug|Any CPU
		Release|Any CPU = Release|Any CPU
	EndGlobalSection
	GlobalSection(ProjectConfigurationPlatforms) = postSolution
		{D67C29ED-E1CF-4516-BF0D-6ADC4EB121B0}.Debug|Any CPU.ActiveCfg = Debug|Any CPU
		{D67C29ED-E1CF-4516-BF0D-6ADC4EB121B0}.Debug|Any CPU.Build.0 = Debug|Any CPU
		{D67C29ED-E1CF-4516-BF0D-6ADC4EB121B0}.Release|Any CPU.ActiveCfg = Release|Any CPU
		{D67C29ED-E1CF-4516-BF0D-6ADC4EB121B0}.Release|Any CPU.Build.0 = Release|Any CPU
		{4713E5D5-BA15-4F84-AB43-774F56262010}.Debug|Any CPU.ActiveCfg = Debug|Any CPU
		{4713E5D5-BA15-4F84-AB43-774F56262010}.Debug|Any CPU.Build.0 = Debug|Any CPU
		{4713E5D5-BA15-4F84-AB43-774F56262010}.Release|Any CPU.ActiveCfg = Release|Any CPU
		{4713E5D5-BA15-4F84-AB43-774F56262010}.Release|Any CPU.Build.0 = Release|Any CPU
		{C43A39E7-ED81-4B1D-BFAC-FA88034320AE}.Debug|Any CPU.ActiveCfg = Debug|Any CPU
		{C43A39E7-ED81-4B1D-BFAC-FA88034320AE}.Debug|Any CPU.Build.0 = Debug|Any CPU
		{C43A39E7-ED81-4B1D-BFAC-FA88034320AE}.Release|Any CPU.ActiveCfg = Release|Any CPU
		{C43A39E7-ED81-4B1D-BFAC-FA88034320AE}.Release|Any CPU.Build.0 = Release|Any CPU
		{41196389-AE22-4B71-9F62-4B0A09A36081}.Debug|Any CPU.ActiveCfg = Debug|Any CPU
		{41196389-AE22-4B71-9F62-4B0A09A36081}.Debug|Any CPU.Build.0 = Debug|Any CPU
		{41196389-AE22-4B71-9F62-4B0A09A36081}.Release|Any CPU.ActiveCfg = Release|Any CPU
		{41196389-AE22-4B71-9F62-4B0A09A36081}.Release|Any CPU.Build.0 = Release|Any CPU
		{6C865275-9D3A-4111-BA79-426B6C8818B3}.Debug|Any CPU.ActiveCfg = Debug|Any CPU
		{6C865275-9D3A-4111-BA79-426B6C8818B3}.Debug|Any CPU.Build.0 = Debug|Any CPU
		{6C865275-9D3A-4111-BA79-426B6C8818B3}.Release|Any CPU.ActiveCfg = Release|Any CPU
		{6C865275-9D3A-4111-BA79-426B6C8818B3}.Release|Any CPU.Build.0 = Release|Any CPU
		{87A90200-50DC-4BF3-984B-D8BBF09B64D2}.Debug|Any CPU.ActiveCfg = Debug|Any CPU
		{87A90200-50DC-4BF3-984B-D8BBF09B64D2}.Debug|Any CPU.Build.0 = Debug|Any CPU
		{87A90200-50DC-4BF3-984B-D8BBF09B64D2}.Release|Any CPU.ActiveCfg = Release|Any CPU
		{87A90200-50DC-4BF3-984B-D8BBF09B64D2}.Release|Any CPU.Build.0 = Release|Any CPU
		{7D51FE58-14A0-4CFD-830A-05E53CF6D00B}.Debug|Any CPU.ActiveCfg = Debug|Any CPU
		{7D51FE58-14A0-4CFD-830A-05E53CF6D00B}.Debug|Any CPU.Build.0 = Debug|Any CPU
		{7D51FE58-14A0-4CFD-830A-05E53CF6D00B}.Release|Any CPU.ActiveCfg = Release|Any CPU
		{7D51FE58-14A0-4CFD-830A-05E53CF6D00B}.Release|Any CPU.Build.0 = Release|Any CPU
	EndGlobalSection
	GlobalSection(SolutionProperties) = preSolution
		HideSolutionNode = FALSE
	EndGlobalSection
	GlobalSection(ExtensibilityGlobals) = postSolution
		SolutionGuid = {04A8A151-9C49-4B2F-BE00-A71B205D674C}
	EndGlobalSection
EndGlobal
